{
    "_readme": [
        "This file locks the dependencies of your project to a known state",
        "Read more about it at https://getcomposer.org/doc/01-basic-usage.md#installing-dependencies",
        "This file is @generated automatically"
    ],
    "content-hash": "2d4e89987188cef8047d451101085e13",
    "packages": [
        {
            "name": "steampixel/simple-php-components",
            "version": "dev-main",
            "source": {
                "type": "git",
                "url": "https://github.com/steampixel/simplePHPComponents.git",
                "reference": "81d8fbb88ff5483d01f5932d2df7dcb07db6f421"
            },
            "dist": {
                "type": "zip",
                "url": "https://api.github.com/repos/steampixel/simplePHPComponents/zipball/81d8fbb88ff5483d01f5932d2df7dcb07db6f421",
                "reference": "81d8fbb88ff5483d01f5932d2df7dcb07db6f421",
                "shasum": ""
            },
            "default-branch": true,
            "type": "library",
            "autoload": {
                "psr-0": {
                    "Steampixel": "src/"
                }
            },
            "notification-url": "https://packagist.org/downloads/",
            "license": [
                "MIT"
            ],
            "authors": [
                {
                    "name": "Steampixel",
                    "email": "info@steampixel.de",
                    "homepage": "https://steampixel.de/"
                }
            ],
            "description": "This is a very simple and puristic PHP template rendering engine.",
            "support": {
                "issues": "https://github.com/steampixel/simplePHPComponents/issues",
                "source": "https://github.com/steampixel/simplePHPComponents/tree/main"
            },
            "time": "2022-03-17T12:42:11+00:00"
        },
        {
            "name": "steampixel/simple-php-portals",
            "version": "dev-main",
            "source": {
                "type": "git",
                "url": "https://github.com/steampixel/simplePHPPortals.git",
                "reference": "8fd6660572a377dde02dd172a857cfa3df475583"
            },
            "dist": {
                "type": "zip",
                "url": "https://api.github.com/repos/steampixel/simplePHPPortals/zipball/8fd6660572a377dde02dd172a857cfa3df475583",
                "reference": "8fd6660572a377dde02dd172a857cfa3df475583",
                "shasum": ""
            },
            "default-branch": true,
            "type": "library",
            "autoload": {
                "psr-0": {
                    "Steampixel": "src/"
                }
            },
            "notification-url": "https://packagist.org/downloads/",
            "license": [
                "MIT"
            ],
            "authors": [
                {
                    "name": "Steampixel",
                    "email": "info@steampixel.de",
                    "homepage": "https://steampixel.de/"
                }
            ],
            "description": "This is a simple, puristic and small PHP portal engine. Throw your contents back and forth through time.",
            "support": {
                "issues": "https://github.com/steampixel/simplePHPPortals/issues",
                "source": "https://github.com/steampixel/simplePHPPortals/tree/main"
            },
            "time": "2022-03-17T12:43:38+00:00"
        },
        {
            "name": "steampixel/simple-php-router",
            "version": "dev-master",
            "source": {
                "type": "git",
                "url": "https://github.com/steampixel/simplePHPRouter.git",
                "reference": "c16199f21de5f1330f7cdb7ce271fb68d69a50a9"
            },
            "dist": {
                "type": "zip",
                "url": "https://api.github.com/repos/steampixel/simplePHPRouter/zipball/c16199f21de5f1330f7cdb7ce271fb68d69a50a9",
                "reference": "c16199f21de5f1330f7cdb7ce271fb68d69a50a9",
                "shasum": ""
            },
            "default-branch": true,
            "type": "library",
            "autoload": {
                "psr-0": {
                    "Steampixel": "src/"
                }
            },
            "notification-url": "https://packagist.org/downloads/",
            "license": [
                "MIT"
            ],
            "authors": [
                {
                    "name": "Steampixel",
                    "email": "info@steampixel.de",
                    "homepage": "https://steampixel.de/"
                },
                {
                    "name": "Maximilian Götz",
                    "email": "contact@maxbits.net",
                    "homepage": "https://www.maxbits.net/"
                }
            ],
            "description": "This is a simple and small PHP router that can handle the whole url routing for your project.",
            "support": {
                "issues": "https://github.com/steampixel/simplePHPRouter/issues",
                "source": "https://github.com/steampixel/simplePHPRouter/tree/master"
            },
            "time": "2022-03-17T11:23:26+00:00"
        }
    ],
    "packages-dev": [],
    "aliases": [],
    "minimum-stability": "dev",
    "stability-flags": {
        "steampixel/simple-php-portals": 20,
        "steampixel/simple-php-router": 20,
        "steampixel/simple-php-components": 20
    },
    "prefer-stable": false,
    "prefer-lowest": false,
    "platform": [],
    "platform-dev": [],
    "plugin-api-version": "2.2.0"
}
